
Microsoft Visual Studio Solution File, Format Version 11.00
# Visual Studio 2010
Project("{FAE04EC0-301F-11D3-BF4B-00C04F79EFBC}") = "ControllerTestVive", "Assembly-CSharp.csproj", "{D524C835-963D-B824-6C8B-7A3DD94C4099}"
EndProject
Project("{FAE04EC0-301F-11D3-BF4B-00C04F79EFBC}") = "ControllerTestVive", "Assembly-CSharp-Editor.csproj", "{ADE56076-DFE6-AE8A-C830-05EDCFB63F0C}"
EndProject
Global
	GlobalSection(SolutionConfigurationPlatforms) = preSolution
		Debug|Any CPU = Debug|Any CPU
		Release|Any CPU = Release|Any CPU
	EndGlobalSection
	GlobalSection(ProjectConfigurationPlatforms) = postSolution
		{D524C835-963D-B824-6C8B-7A3DD94C4099}.Debug|Any CPU.ActiveCfg = Debug|Any CPU
		{D524C835-963D-B824-6C8B-7A3DD94C4099}.Debug|Any CPU.Build.0 = Debug|Any CPU
		{D524C835-963D-B824-6C8B-7A3DD94C4099}.Release|Any CPU.ActiveCfg = Release|Any CPU
		{D524C835-963D-B824-6C8B-7A3DD94C4099}.Release|Any CPU.Build.0 = Release|Any CPU
		{ADE56076-DFE6-AE8A-C830-05EDCFB63F0C}.Debug|Any CPU.ActiveCfg = Debug|Any CPU
		{ADE56076-DFE6-AE8A-C830-05EDCFB63F0C}.Debug|Any CPU.Build.0 = Debug|Any CPU
		{ADE56076-DFE6-AE8A-C830-05EDCFB63F0C}.Release|Any CPU.ActiveCfg = Release|Any CPU
		{ADE56076-DFE6-AE8A-C830-05EDCFB63F0C}.Release|Any CPU.Build.0 = Release|Any CPU
	EndGlobalSection
	GlobalSection(SolutionProperties) = preSolution
		HideSolutionNode = FALSE
	EndGlobalSection
	GlobalSection(MonoDevelopProperties) = preSolution
		StartupItem = Assembly-CSharp.csproj
	EndGlobalSection
EndGlobal
